// !$*UTF8*$!
{
	archiveVersion = 1;
	classes = {
	};
	objectVersion = 50;
	objects = {

/* Begin PBXBuildFile section */
		09364065217BFD0688B863BD /* Pods_flixsterTests.framework in Frameworks */ = {isa = PBXBuildFile; fileRef = 6DC1AEBA3AE143AA0F4103D7 /* Pods_flixsterTests.framework */; };
		28626B5068CE63F272B6EA3C /* Pods_flixster.framework in Frameworks */ = {isa = PBXBuildFile; fileRef = EC4727DC119576308A3D7ECF /* Pods_flixster.framework */; };
		46BD609C2217AE5100E8E03B /* AppDelegate.swift in Sources */ = {isa = PBXBuildFile; fileRef = 46BD609B2217AE5100E8E03B /* AppDelegate.swift */; };
		46BD60A12217AE5100E8E03B /* Main.storyboard in Resources */ = {isa = PBXBuildFile; fileRef = 46BD609F2217AE5100E8E03B /* Main.storyboard */; };
		46BD60A32217AE5200E8E03B /* Assets.xcassets in Resources */ = {isa = PBXBuildFile; fileRef = 46BD60A22217AE5200E8E03B /* Assets.xcassets */; };
		46BD60A62217AE5200E8E03B /* LaunchScreen.storyboard in Resources */ = {isa = PBXBuildFile; fileRef = 46BD60A42217AE5200E8E03B /* LaunchScreen.storyboard */; };
		46BD60B12217AE5200E8E03B /* flixsterTests.swift in Sources */ = {isa = PBXBuildFile; fileRef = 46BD60B02217AE5200E8E03B /* flixsterTests.swift */; };
		46BD60BC2217AE5200E8E03B /* flixsterUITests.swift in Sources */ = {isa = PBXBuildFile; fileRef = 46BD60BB2217AE5200E8E03B /* flixsterUITests.swift */; };
		46BD60CA2217AEEA00E8E03B /* MoviesViewController.swift in Sources */ = {isa = PBXBuildFile; fileRef = 46BD60C92217AEEA00E8E03B /* MoviesViewController.swift */; };
		46BD60CC2217BBCA00E8E03B /* MovieCell.swift in Sources */ = {isa = PBXBuildFile; fileRef = 46BD60CB2217BBCA00E8E03B /* MovieCell.swift */; };
		A81995CEB9466499F9D81E69 /* Pods_flixsterUITests.framework in Frameworks */ = {isa = PBXBuildFile; fileRef = 3109711F704A27F360C2BF70 /* Pods_flixsterUITests.framework */; };
/* End PBXBuildFile section */

/* Begin PBXContainerItemProxy section */
		46BD60AD2217AE5200E8E03B /* PBXContainerItemProxy */ = {
			isa = PBXContainerItemProxy;
			containerPortal = 46BD60902217AE5100E8E03B /* Project object */;
			proxyType = 1;
			remoteGlobalIDString = 46BD60972217AE5100E8E03B;
			remoteInfo = flixster;
		};
		46BD60B82217AE5200E8E03B /* PBXContainerItemProxy */ = {
			isa = PBXContainerItemProxy;
			containerPortal = 46BD60902217AE5100E8E03B /* Project object */;
			proxyType = 1;
			remoteGlobalIDString = 46BD60972217AE5100E8E03B;
			remoteInfo = flixster;
		};
/* End PBXContainerItemProxy section */

/* Begin PBXFileReference section */
		3109711F704A27F360C2BF70 /* Pods_flixsterUITests.framework */ = {isa = PBXFileReference; explicitFileType = wrapper.framework; includeInIndex = 0; path = Pods_flixsterUITests.framework; sourceTree = BUILT_PRODUCTS_DIR; };
		46BD60982217AE5100E8E03B /* flixster.app */ = {isa = PBXFileReference; explicitFileType = wrapper.application; includeInIndex = 0; path = flixster.app; sourceTree = BUILT_PRODUCTS_DIR; };
		46BD609B2217AE5100E8E03B /* AppDelegate.swift */ = {isa = PBXFileReference; lastKnownFileType = sourcecode.swift; path = AppDelegate.swift; sourceTree = "<group>"; };
		46BD60A02217AE5100E8E03B /* Base */ = {isa = PBXFileReference; lastKnownFileType = file.storyboard; name = Base; path = Base.lproj/Main.storyboard; sourceTree = "<group>"; };
		46BD60A22217AE5200E8E03B /* Assets.xcassets */ = {isa = PBXFileReference; lastKnownFileType = folder.assetcatalog; path = Assets.xcassets; sourceTree = "<group>"; };
		46BD60A52217AE5200E8E03B /* Base */ = {isa = PBXFileReference; lastKnownFileType = file.storyboard; name = Base; path = Base.lproj/LaunchScreen.storyboard; sourceTree = "<group>"; };
		46BD60A72217AE5200E8E03B /* Info.plist */ = {isa = PBXFileReference; lastKnownFileType = text.plist.xml; path = Info.plist; sourceTree = "<group>"; };
		46BD60AC2217AE5200E8E03B /* flixsterTests.xctest */ = {isa = PBXFileReference; explicitFileType = wrapper.cfbundle; includeInIndex = 0; path = flixsterTests.xctest; sourceTree = BUILT_PRODUCTS_DIR; };
		46BD60B02217AE5200E8E03B /* flixsterTests.swift */ = {isa = PBXFileReference; lastKnownFileType = sourcecode.swift; path = flixsterTests.swift; sourceTree = "<group>"; };
		46BD60B22217AE5200E8E03B /* Info.plist */ = {isa = PBXFileReference; lastKnownFileType = text.plist.xml; path = Info.plist; sourceTree = "<group>"; };
		46BD60B72217AE5200E8E03B /* flixsterUITests.xctest */ = {isa = PBXFileReference; explicitFileType = wrapper.cfbundle; includeInIndex = 0; path = flixsterUITests.xctest; sourceTree = BUILT_PRODUCTS_DIR; };
		46BD60BB2217AE5200E8E03B /* flixsterUITests.swift */ = {isa = PBXFileReference; lastKnownFileType = sourcecode.swift; path = flixsterUITests.swift; sourceTree = "<group>"; };
		46BD60BD2217AE5200E8E03B /* Info.plist */ = {isa = PBXFileReference; lastKnownFileType = text.plist.xml; path = Info.plist; sourceTree = "<group>"; };
		46BD60C92217AEEA00E8E03B /* MoviesViewController.swift */ = {isa = PBXFileReference; lastKnownFileType = sourcecode.swift; path = MoviesViewController.swift; sourceTree = "<group>"; };
		46BD60CB2217BBCA00E8E03B /* MovieCell.swift */ = {isa = PBXFileReference; lastKnownFileType = sourcecode.swift; path = MovieCell.swift; sourceTree = "<group>"; };
		63FEF74E3F9B86526CD6A8B3 /* Pods-flixsterTests.debug.xcconfig */ = {isa = PBXFileReference; includeInIndex = 1; lastKnownFileType = text.xcconfig; name = "Pods-flixsterTests.debug.xcconfig"; path = "Target Support Files/Pods-flixsterTests/Pods-flixsterTests.debug.xcconfig"; sourceTree = "<group>"; };
		6DC1AEBA3AE143AA0F4103D7 /* Pods_flixsterTests.framework */ = {isa = PBXFileReference; explicitFileType = wrapper.framework; includeInIndex = 0; path = Pods_flixsterTests.framework; sourceTree = BUILT_PRODUCTS_DIR; };
		7B771FD8F29DE372A86AB386 /* Pods-flixsterUITests.release.xcconfig */ = {isa = PBXFileReference; includeInIndex = 1; lastKnownFileType = text.xcconfig; name = "Pods-flixsterUITests.release.xcconfig"; path = "Target Support Files/Pods-flixsterUITests/Pods-flixsterUITests.release.xcconfig"; sourceTree = "<group>"; };
		8E1D9B3E27CAF0AFC9A5C486 /* Pods-flixster.release.xcconfig */ = {isa = PBXFileReference; includeInIndex = 1; lastKnownFileType = text.xcconfig; name = "Pods-flixster.release.xcconfig"; path = "Target Support Files/Pods-flixster/Pods-flixster.release.xcconfig"; sourceTree = "<group>"; };
		BF1BC1FC06EAC1458F1B6208 /* Pods-flixsterUITests.debug.xcconfig */ = {isa = PBXFileReference; includeInIndex = 1; lastKnownFileType = text.xcconfig; name = "Pods-flixsterUITests.debug.xcconfig"; path = "Target Support Files/Pods-flixsterUITests/Pods-flixsterUITests.debug.xcconfig"; sourceTree = "<group>"; };
		D77E639EF3AE97ADCDF83638 /* Pods-flixster.debug.xcconfig */ = {isa = PBXFileReference; includeInIndex = 1; lastKnownFileType = text.xcconfig; name = "Pods-flixster.debug.xcconfig"; path = "Target Support Files/Pods-flixster/Pods-flixster.debug.xcconfig"; sourceTree = "<group>"; };
		DA2D477BFE3C1CFD49BD8E07 /* Pods-flixsterTests.release.xcconfig */ = {isa = PBXFileReference; includeInIndex = 1; lastKnownFileType = text.xcconfig; name = "Pods-flixsterTests.release.xcconfig"; path = "Target Support Files/Pods-flixsterTests/Pods-flixsterTests.release.xcconfig"; sourceTree = "<group>"; };
		EC4727DC119576308A3D7ECF /* Pods_flixster.framework */ = {isa = PBXFileReference; explicitFileType = wrapper.framework; includeInIndex = 0; path = Pods_flixster.framework; sourceTree = BUILT_PRODUCTS_DIR; };
/* End PBXFileReference section */

/* Begin PBXFrameworksBuildPhase section */
		46BD60952217AE5100E8E03B /* Frameworks */ = {
			isa = PBXFrameworksBuildPhase;
			buildActionMask = 2147483647;
			files = (
				28626B5068CE63F272B6EA3C /* Pods_flixster.framework in Frameworks */,
			);
			runOnlyForDeploymentPostprocessing = 0;
		};
		46BD60A92217AE5200E8E03B /* Frameworks */ = {
			isa = PBXFrameworksBuildPhase;
			buildActionMask = 2147483647;
			files = (
				09364065217BFD0688B863BD /* Pods_flixsterTests.framework in Frameworks */,
			);
			runOnlyForDeploymentPostprocessing = 0;
		};
		46BD60B42217AE5200E8E03B /* Frameworks */ = {
			isa = PBXFrameworksBuildPhase;
			buildActionMask = 2147483647;
			files = (
				A81995CEB9466499F9D81E69 /* Pods_flixsterUITests.framework in Frameworks */,
			);
			runOnlyForDeploymentPostprocessing = 0;
		};
/* End PBXFrameworksBuildPhase section */

/* Begin PBXGroup section */
		46BD608F2217AE5100E8E03B = {
			isa = PBXGroup;
			children = (
				46BD609A2217AE5100E8E03B /* flixster */,
				46BD60AF2217AE5200E8E03B /* flixsterTests */,
				46BD60BA2217AE5200E8E03B /* flixsterUITests */,
				46BD60992217AE5100E8E03B /* Products */,
				85A5E66E58EE6EF70341AEAA /* Pods */,
				8C72DA29429180CE45E23DBD /* Frameworks */,
			);
			sourceTree = "<group>";
		};
		46BD60992217AE5100E8E03B /* Products */ = {
			isa = PBXGroup;
			children = (
				46BD60982217AE5100E8E03B /* flixster.app */,
				46BD60AC2217AE5200E8E03B /* flixsterTests.xctest */,
				46BD60B72217AE5200E8E03B /* flixsterUITests.xctest */,
			);
			name = Products;
			sourceTree = "<group>";
		};
		46BD609A2217AE5100E8E03B /* flixster */ = {
			isa = PBXGroup;
			children = (
				46BD609B2217AE5100E8E03B /* AppDelegate.swift */,
				46BD609F2217AE5100E8E03B /* Main.storyboard */,
				46BD60A22217AE5200E8E03B /* Assets.xcassets */,
				46BD60A42217AE5200E8E03B /* LaunchScreen.storyboard */,
				46BD60A72217AE5200E8E03B /* Info.plist */,
				46BD60C92217AEEA00E8E03B /* MoviesViewController.swift */,
				46BD60CB2217BBCA00E8E03B /* MovieCell.swift */,
			);
			path = flixster;
			sourceTree = "<group>";
		};
		46BD60AF2217AE5200E8E03B /* flixsterTests */ = {
			isa = PBXGroup;
			children = (
				46BD60B02217AE5200E8E03B /* flixsterTests.swift */,
				46BD60B22217AE5200E8E03B /* Info.plist */,
			);
			path = flixsterTests;
			sourceTree = "<group>";
		};
		46BD60BA2217AE5200E8E03B /* flixsterUITests */ = {
			isa = PBXGroup;
			children = (
				46BD60BB2217AE5200E8E03B /* flixsterUITests.swift */,
				46BD60BD2217AE5200E8E03B /* Info.plist */,
			);
			path = flixsterUITests;
			sourceTree = "<group>";
		};
		85A5E66E58EE6EF70341AEAA /* Pods */ = {
			isa = PBXGroup;
			children = (
				D77E639EF3AE97ADCDF83638 /* Pods-flixster.debug.xcconfig */,
				8E1D9B3E27CAF0AFC9A5C486 /* Pods-flixster.release.xcconfig */,
				63FEF74E3F9B86526CD6A8B3 /* Pods-flixsterTests.debug.xcconfig */,
				DA2D477BFE3C1CFD49BD8E07 /* Pods-flixsterTests.release.xcconfig */,
				BF1BC1FC06EAC1458F1B6208 /* Pods-flixsterUITests.debug.xcconfig */,
				7B771FD8F29DE372A86AB386 /* Pods-flixsterUITests.release.xcconfig */,
			);
			name = Pods;
			path = Pods;
			sourceTree = "<group>";
		};
		8C72DA29429180CE45E23DBD /* Frameworks */ = {
			isa = PBXGroup;
			children = (
				EC4727DC119576308A3D7ECF /* Pods_flixster.framework */,
				6DC1AEBA3AE143AA0F4103D7 /* Pods_flixsterTests.framework */,
				3109711F704A27F360C2BF70 /* Pods_flixsterUITests.framework */,
			);
			name = Frameworks;
			sourceTree = "<group>";
		};
/* End PBXGroup section */

/* Begin PBXNativeTarget section */
		46BD60972217AE5100E8E03B /* flixster */ = {
			isa = PBXNativeTarget;
			buildConfigurationList = 46BD60C02217AE5200E8E03B /* Build configuration list for PBXNativeTarget "flixster" */;
			buildPhases = (
				72AEC1FC42B5B7453BBE27F7 /* [CP] Check Pods Manifest.lock */,
				46BD60942217AE5100E8E03B /* Sources */,
				46BD60952217AE5100E8E03B /* Frameworks */,
				46BD60962217AE5100E8E03B /* Resources */,
				70BCE3283579D40905EAEF8B /* [CP] Embed Pods Frameworks */,
			);
			buildRules = (
			);
			dependencies = (
			);
			name = flixster;
			productName = flixster;
			productReference = 46BD60982217AE5100E8E03B /* flixster.app */;
			productType = "com.apple.product-type.application";
		};
		46BD60AB2217AE5200E8E03B /* flixsterTests */ = {
			isa = PBXNativeTarget;
			buildConfigurationList = 46BD60C32217AE5200E8E03B /* Build configuration list for PBXNativeTarget "flixsterTests" */;
			buildPhases = (
				C782BCC85B84E77DD99FF684 /* [CP] Check Pods Manifest.lock */,
				46BD60A82217AE5200E8E03B /* Sources */,
				46BD60A92217AE5200E8E03B /* Frameworks */,
				46BD60AA2217AE5200E8E03B /* Resources */,
			);
			buildRules = (
			);
			dependencies = (
				46BD60AE2217AE5200E8E03B /* PBXTargetDependency */,
			);
			name = flixsterTests;
			productName = flixsterTests;
			productReference = 46BD60AC2217AE5200E8E03B /* flixsterTests.xctest */;
			productType = "com.apple.product-type.bundle.unit-test";
		};
		46BD60B62217AE5200E8E03B /* flixsterUITests */ = {
			isa = PBXNativeTarget;
			buildConfigurationList = 46BD60C62217AE5200E8E03B /* Build configuration list for PBXNativeTarget "flixsterUITests" */;
			buildPhases = (
				115A0A6D1467D079F10735CA /* [CP] Check Pods Manifest.lock */,
				46BD60B32217AE5200E8E03B /* Sources */,
				46BD60B42217AE5200E8E03B /* Frameworks */,
				46BD60B52217AE5200E8E03B /* Resources */,
			);
			buildRules = (
			);
			dependencies = (
				46BD60B92217AE5200E8E03B /* PBXTargetDependency */,
			);
			name = flixsterUITests;
			productName = flixsterUITests;
			productReference = 46BD60B72217AE5200E8E03B /* flixsterUITests.xctest */;
			productType = "com.apple.product-type.bundle.ui-testing";
		};
/* End PBXNativeTarget section */

/* Begin PBXProject section */
		46BD60902217AE5100E8E03B /* Project object */ = {
			isa = PBXProject;
			attributes = {
				LastSwiftUpdateCheck = 1010;
				LastUpgradeCheck = 1010;
				ORGANIZATIONNAME = "Cora Yichen Xing";
				TargetAttributes = {
					46BD60972217AE5100E8E03B = {
						CreatedOnToolsVersion = 10.1;
					};
					46BD60AB2217AE5200E8E03B = {
						CreatedOnToolsVersion = 10.1;
						TestTargetID = 46BD60972217AE5100E8E03B;
					};
					46BD60B62217AE5200E8E03B = {
						CreatedOnToolsVersion = 10.1;
						TestTargetID = 46BD60972217AE5100E8E03B;
					};
				};
			};
			buildConfigurationList = 46BD60932217AE5100E8E03B /* Build configuration list for PBXProject "flixster" */;
			compatibilityVersion = "Xcode 9.3";
			developmentRegion = en;
			hasScannedForEncodings = 0;
			knownRegions = (
				en,
				Base,
			);
			mainGroup = 46BD608F2217AE5100E8E03B;
			productRefGroup = 46BD60992217AE5100E8E03B /* Products */;
			projectDirPath = "";
			projectRoot = "";
			targets = (
				46BD60972217AE5100E8E03B /* flixster */,
				46BD60AB2217AE5200E8E03B /* flixsterTests */,
				46BD60B62217AE5200E8E03B /* flixsterUITests */,
			);
		};
/* End PBXProject section */

/* Begin PBXResourcesBuildPhase section */
		46BD60962217AE5100E8E03B /* Resources */ = {
			isa = PBXResourcesBuildPhase;
			buildActionMask = 2147483647;
			files = (
				46BD60A62217AE5200E8E03B /* LaunchScreen.storyboard in Resources */,
				46BD60A32217AE5200E8E03B /* Assets.xcassets in Resources */,
				46BD60A12217AE5100E8E03B /* Main.storyboard in Resources */,
			);
			runOnlyForDeploymentPostprocessing = 0;
		};
		46BD60AA2217AE5200E8E03B /* Resources */ = {
			isa = PBXResourcesBuildPhase;
			buildActionMask = 2147483647;
			files = (
			);
			runOnlyForDeploymentPostprocessing = 0;
		};
		46BD60B52217AE5200E8E03B /* Resources */ = {
			isa = PBXResourcesBuildPhase;
			buildActionMask = 2147483647;
			files = (
			);
			runOnlyForDeploymentPostprocessing = 0;
		};
/* End PBXResourcesBuildPhase section */

/* Begin PBXShellScriptBuildPhase section */
		115A0A6D1467D079F10735CA /* [CP] Check Pods Manifest.lock */ = {
			isa = PBXShellScriptBuildPhase;
			buildActionMask = 2147483647;
			files = (
			);
			inputFileListPaths = (
			);
			inputPaths = (
				"${PODS_PODFILE_DIR_PATH}/Podfile.lock",
				"${PODS_ROOT}/Manifest.lock",
			);
			name = "[CP] Check Pods Manifest.lock";
			outputFileListPaths = (
			);
			outputPaths = (
				"$(DERIVED_FILE_DIR)/Pods-flixsterUITests-checkManifestLockResult.txt",
			);
			runOnlyForDeploymentPostprocessing = 0;
			shellPath = /bin/sh;
			shellScript = "diff \"${PODS_PODFILE_DIR_PATH}/Podfile.lock\" \"${PODS_ROOT}/Manifest.lock\" > /dev/null\nif [ $? != 0 ] ; then\n    # print error to STDERR\n    echo \"error: The sandbox is not in sync with the Podfile.lock. Run 'pod install' or update your CocoaPods installation.\" >&2\n    exit 1\nfi\n# This output is used by Xcode 'outputs' to avoid re-running this script phase.\necho \"SUCCESS\" > \"${SCRIPT_OUTPUT_FILE_0}\"\n";
			showEnvVarsInLog = 0;
		};
		70BCE3283579D40905EAEF8B /* [CP] Embed Pods Frameworks */ = {
			isa = PBXShellScriptBuildPhase;
			buildActionMask = 2147483647;
			files = (
			);
			inputFileListPaths = (
			);
			inputPaths = (
				"${PODS_ROOT}/Target Support Files/Pods-flixster/Pods-flixster-frameworks.sh",
				"${BUILT_PRODUCTS_DIR}/Alamofire/Alamofire.framework",
				"${BUILT_PRODUCTS_DIR}/AlamofireImage/AlamofireImage.framework",
			);
			name = "[CP] Embed Pods Frameworks";
			outputFileListPaths = (
			);
			outputPaths = (
				"${TARGET_BUILD_DIR}/${FRAMEWORKS_FOLDER_PATH}/Alamofire.framework",
				"${TARGET_BUILD_DIR}/${FRAMEWORKS_FOLDER_PATH}/AlamofireImage.framework",
			);
			runOnlyForDeploymentPostprocessing = 0;
			shellPath = /bin/sh;
			shellScript = "\"${PODS_ROOT}/Target Support Files/Pods-flixster/Pods-flixster-frameworks.sh\"\n";
			showEnvVarsInLog = 0;
		};
		72AEC1FC42B5B7453BBE27F7 /* [CP] Check Pods Manifest.lock */ = {
			isa = PBXShellScriptBuildPhase;
			buildActionMask = 2147483647;
			files = (
			);
			inputFileListPaths = (
			);
			inputPaths = (
				"${PODS_PODFILE_DIR_PATH}/Podfile.lock",
				"${PODS_ROOT}/Manifest.lock",
			);
			name = "[CP] Check Pods Manifest.lock";
			outputFileListPaths = (
			);
			outputPaths = (
				"$(DERIVED_FILE_DIR)/Pods-flixster-checkManifestLockResult.txt",
			);
			runOnlyForDeploymentPostprocessing = 0;
			shellPath = /bin/sh;
			shellScript = "diff \"${PODS_PODFILE_DIR_PATH}/Podfile.lock\" \"${PODS_ROOT}/Manifest.lock\" > /dev/null\nif [ $? != 0 ] ; then\n    # print error to STDERR\n    echo \"error: The sandbox is not in sync with the Podfile.lock. Run 'pod install' or update your CocoaPods installation.\" >&2\n    exit 1\nfi\n# This output is used by Xcode 'outputs' to avoid re-running this script phase.\necho \"SUCCESS\" > \"${SCRIPT_OUTPUT_FILE_0}\"\n";
			showEnvVarsInLog = 0;
		};
		C782BCC85B84E77DD99FF684 /* [CP] Check Pods Manifest.lock */ = {
			isa = PBXShellScriptBuildPhase;
			buildActionMask = 2147483647;
			files = (
			);
			inputFileListPaths = (
			);
			inputPaths = (
				"${PODS_PODFILE_DIR_PATH}/Podfile.lock",
				"${PODS_ROOT}/Manifest.lock",
			);
			name = "[CP] Check Pods Manifest.lock";
			outputFileListPaths = (
			);
			outputPaths = (
				"$(DERIVED_FILE_DIR)/Pods-flixsterTests-checkManifestLockResult.txt",
			);
			runOnlyForDeploymentPostprocessing = 0;
			shellPath = /bin/sh;
			shellScript = "diff \"${PODS_PODFILE_DIR_PATH}/Podfile.lock\" \"${PODS_ROOT}/Manifest.lock\" > /dev/null\nif [ $? != 0 ] ; then\n    # print error to STDERR\n    echo \"error: The sandbox is not in sync with the Podfile.lock. Run 'pod install' or update your CocoaPods installation.\" >&2\n    exit 1\nfi\n# This output is used by Xcode 'outputs' to avoid re-running this script phase.\necho \"SUCCESS\" > \"${SCRIPT_OUTPUT_FILE_0}\"\n";
			showEnvVarsInLog = 0;
		};
/* End PBXShellScriptBuildPhase section */

/* Begin PBXSourcesBuildPhase section */
		46BD60942217AE5100E8E03B /* Sources */ = {
			isa = PBXSourcesBuildPhase;
			buildActionMask = 2147483647;
			files = (
				46BD609C2217AE5100E8E03B /* AppDelegate.swift in Sources */,
				46BD60CA2217AEEA00E8E03B /* MoviesViewController.swift in Sources */,
				46BD60CC2217BBCA00E8E03B /* MovieCell.swift in Sources */,
			);
			runOnlyForDeploymentPostprocessing = 0;
		};
		46BD60A82217AE5200E8E03B /* Sources */ = {
			isa = PBXSourcesBuildPhase;
			buildActionMask = 2147483647;
			files = (
				46BD60B12217AE5200E8E03B /* flixsterTests.swift in Sources */,
			);
			runOnlyForDeploymentPostprocessing = 0;
		};
		46BD60B32217AE5200E8E03B /* Sources */ = {
			isa = PBXSourcesBuildPhase;
			buildActionMask = 2147483647;
			files = (
				46BD60BC2217AE5200E8E03B /* flixsterUITests.swift in Sources */,
			);
			runOnlyForDeploymentPostprocessing = 0;
		};
/* End PBXSourcesBuildPhase section */

/* Begin PBXTargetDependency section */
		46BD60AE2217AE5200E8E03B /* PBXTargetDependency */ = {
			isa = PBXTargetDependency;
			target = 46BD60972217AE5100E8E03B /* flixster */;
			targetProxy = 46BD60AD2217AE5200E8E03B /* PBXContainerItemProxy */;
		};
		46BD60B92217AE5200E8E03B /* PBXTargetDependency */ = {
			isa = PBXTargetDependency;
			target = 46BD60972217AE5100E8E03B /* flixster */;
			targetProxy = 46BD60B82217AE5200E8E03B /* PBXContainerItemProxy */;
		};
/* End PBXTargetDependency section */

/* Begin PBXVariantGroup section */
		46BD609F2217AE5100E8E03B /* Main.storyboard */ = {
			isa = PBXVariantGroup;
			children = (
				46BD60A02217AE5100E8E03B /* Base */,
			);
			name = Main.storyboard;
			sourceTree = "<group>";
		};
		46BD60A42217AE5200E8E03B /* LaunchScreen.storyboard */ = {
			isa = PBXVariantGroup;
			children = (
				46BD60A52217AE5200E8E03B /* Base */,
			);
			name = LaunchScreen.storyboard;
			sourceTree = "<group>";
		};
/* End PBXVariantGroup section */

/* Begin XCBuildConfiguration section */
		46BD60BE2217AE5200E8E03B /* Debug */ = {
			isa = XCBuildConfiguration;
			buildSettings = {
				ALWAYS_SEARCH_USER_PATHS = NO;
				CLANG_ANALYZER_NONNULL = YES;
				CLANG_ANALYZER_NUMBER_OBJECT_CONVERSION = YES_AGGRESSIVE;
				CLANG_CXX_LANGUAGE_STANDARD = "gnu++14";
				CLANG_CXX_LIBRARY = "libc++";
				CLANG_ENABLE_MODULES = YES;
				CLANG_ENABLE_OBJC_ARC = YES;
				CLANG_ENABLE_OBJC_WEAK = YES;
				CLANG_WARN_BLOCK_CAPTURE_AUTORELEASING = YES;
				CLANG_WARN_BOOL_CONVERSION = YES;
				CLANG_WARN_COMMA = YES;
				CLANG_WARN_CONSTANT_CONVERSION = YES;
				CLANG_WARN_DEPRECATED_OBJC_IMPLEMENTATIONS = YES;
				CLANG_WARN_DIRECT_OBJC_ISA_USAGE = YES_ERROR;
				CLANG_WARN_DOCUMENTATION_COMMENTS = YES;
				CLANG_WARN_EMPTY_BODY = YES;
				CLANG_WARN_ENUM_CONVERSION = YES;
				CLANG_WARN_INFINITE_RECURSION = YES;
				CLANG_WARN_INT_CONVERSION = YES;
				CLANG_WARN_NON_LITERAL_NULL_CONVERSION = YES;
				CLANG_WARN_OBJC_IMPLICIT_RETAIN_SELF = YES;
				CLANG_WARN_OBJC_LITERAL_CONVERSION = YES;
				CLANG_WARN_OBJC_ROOT_CLASS = YES_ERROR;
				CLANG_WARN_RANGE_LOOP_ANALYSIS = YES;
				CLANG_WARN_STRICT_PROTOTYPES = YES;
				CLANG_WARN_SUSPICIOUS_MOVE = YES;
				CLANG_WARN_UNGUARDED_AVAILABILITY = YES_AGGRESSIVE;
				CLANG_WARN_UNREACHABLE_CODE = YES;
				CLANG_WARN__DUPLICATE_METHOD_MATCH = YES;
				CODE_SIGN_IDENTITY = "iPhone Developer";
				COPY_PHASE_STRIP = NO;
				DEBUG_INFORMATION_FORMAT = dwarf;
				ENABLE_STRICT_OBJC_MSGSEND = YES;
				ENABLE_TESTABILITY = YES;
				GCC_C_LANGUAGE_STANDARD = gnu11;
				GCC_DYNAMIC_NO_PIC = NO;
				GCC_NO_COMMON_BLOCKS = YES;
				GCC_OPTIMIZATION_LEVEL = 0;
				GCC_PREPROCESSOR_DEFINITIONS = (
					"DEBUG=1",
					"$(inherited)",
				);
				GCC_WARN_64_TO_32_BIT_CONVERSION = YES;
				GCC_WARN_ABOUT_RETURN_TYPE = YES_ERROR;
				GCC_WARN_UNDECLARED_SELECTOR = YES;
				GCC_WARN_UNINITIALIZED_AUTOS = YES_AGGRESSIVE;
				GCC_WARN_UNUSED_FUNCTION = YES;
				GCC_WARN_UNUSED_VARIABLE = YES;
				IPHONEOS_DEPLOYMENT_TARGET = 12.1;
				MTL_ENABLE_DEBUG_INFO = INCLUDE_SOURCE;
				MTL_FAST_MATH = YES;
				ONLY_ACTIVE_ARCH = YES;
				SDKROOT = iphoneos;
				SWIFT_ACTIVE_COMPILATION_CONDITIONS = DEBUG;
				SWIFT_OPTIMIZATION_LEVEL = "-Onone";
			};
			name = Debug;
		};
		46BD60BF2217AE5200E8E03B /* Release */ = {
			isa = XCBuildConfiguration;
			buildSettings = {
				ALWAYS_SEARCH_USER_PATHS = NO;
				CLANG_ANALYZER_NONNULL = YES;
				CLANG_ANALYZER_NUMBER_OBJECT_CONVERSION = YES_AGGRESSIVE;
				CLANG_CXX_LANGUAGE_STANDARD = "gnu++14";
				CLANG_CXX_LIBRARY = "libc++";
				CLANG_ENABLE_MODULES = YES;
				CLANG_ENABLE_OBJC_ARC = YES;
				CLANG_ENABLE_OBJC_WEAK = YES;
				CLANG_WARN_BLOCK_CAPTURE_AUTORELEASING = YES;
				CLANG_WARN_BOOL_CONVERSION = YES;
				CLANG_WARN_COMMA = YES;
				CLANG_WARN_CONSTANT_CONVERSION = YES;
				CLANG_WARN_DEPRECATED_OBJC_IMPLEMENTATIONS = YES;
				CLANG_WARN_DIRECT_OBJC_ISA_USAGE = YES_ERROR;
				CLANG_WARN_DOCUMENTATION_COMMENTS = YES;
				CLANG_WARN_EMPTY_BODY = YES;
				CLANG_WARN_ENUM_CONVERSION = YES;
				CLANG_WARN_INFINITE_RECURSION = YES;
				CLANG_WARN_INT_CONVERSION = YES;
				CLANG_WARN_NON_LITERAL_NULL_CONVERSION = YES;
				CLANG_WARN_OBJC_IMPLICIT_RETAIN_SELF = YES;
				CLANG_WARN_OBJC_LITERAL_CONVERSION = YES;
				CLANG_WARN_OBJC_ROOT_CLASS = YES_ERROR;
				CLANG_WARN_RANGE_LOOP_ANALYSIS = YES;
				CLANG_WARN_STRICT_PROTOTYPES = YES;
				CLANG_WARN_SUSPICIOUS_MOVE = YES;
				CLANG_WARN_UNGUARDED_AVAILABILITY = YES_AGGRESSIVE;
				CLANG_WARN_UNREACHABLE_CODE = YES;
				CLANG_WARN__DUPLICATE_METHOD_MATCH = YES;
				CODE_SIGN_IDENTITY = "iPhone Developer";
				COPY_PHASE_STRIP = NO;
				DEBUG_INFORMATION_FORMAT = "dwarf-with-dsym";
				ENABLE_NS_ASSERTIONS = NO;
				ENABLE_STRICT_OBJC_MSGSEND = YES;
				GCC_C_LANGUAGE_STANDARD = gnu11;
				GCC_NO_COMMON_BLOCKS = YES;
				GCC_WARN_64_TO_32_BIT_CONVERSION = YES;
				GCC_WARN_ABOUT_RETURN_TYPE = YES_ERROR;
				GCC_WARN_UNDECLARED_SELECTOR = YES;
				GCC_WARN_UNINITIALIZED_AUTOS = YES_AGGRESSIVE;
				GCC_WARN_UNUSED_FUNCTION = YES;
				GCC_WARN_UNUSED_VARIABLE = YES;
				IPHONEOS_DEPLOYMENT_TARGET = 12.1;
				MTL_ENABLE_DEBUG_INFO = NO;
				MTL_FAST_MATH = YES;
				SDKROOT = iphoneos;
				SWIFT_COMPILATION_MODE = wholemodule;
				SWIFT_OPTIMIZATION_LEVEL = "-O";
				VALIDATE_PRODUCT = YES;
			};
			name = Release;
		};
		46BD60C12217AE5200E8E03B /* Debug */ = {
			isa = XCBuildConfiguration;
			baseConfigurationReference = D77E639EF3AE97ADCDF83638 /* Pods-flixster.debug.xcconfig */;
			buildSettings = {
				ASSETCATALOG_COMPILER_APPICON_NAME = AppIcon;
				CODE_SIGN_STYLE = Automatic;
				DEVELOPMENT_TEAM = 49CW93J3L7;
				INFOPLIST_FILE = flixster/Info.plist;
				LD_RUNPATH_SEARCH_PATHS = (
					"$(inherited)",
					"@executable_path/Frameworks",
				);
				PRODUCT_BUNDLE_IDENTIFIER = com.coraxyc.flixster;
				PRODUCT_NAME = "$(TARGET_NAME)";
				SWIFT_VERSION = 4.2;
				TARGETED_DEVICE_FAMILY = "1,2";
			};
			name = Debug;
		};
		46BD60C22217AE5200E8E03B /* Release */ = {
			isa = XCBuildConfiguration;
			baseConfigurationReference = 8E1D9B3E27CAF0AFC9A5C486 /* Pods-flixster.release.xcconfig */;
			buildSettings = {
				ASSETCATALOG_COMPILER_APPICON_NAME = AppIcon;
				CODE_SIGN_STYLE = Automatic;
				DEVELOPMENT_TEAM = 49CW93J3L7;
				INFOPLIST_FILE = flixster/Info.plist;
				LD_RUNPATH_SEARCH_PATHS = (
					"$(inherited)",
					"@executable_path/Frameworks",
				);
				PRODUCT_BUNDLE_IDENTIFIER = com.coraxyc.flixster;
				PRODUCT_NAME = "$(TARGET_NAME)";
				SWIFT_VERSION = 4.2;
				TARGETED_DEVICE_FAMILY = "1,2";
			};
			name = Release;
		};
		46BD60C42217AE5200E8E03B /* Debug */ = {
			isa = XCBuildConfiguration;
			baseConfigurationReference = 63FEF74E3F9B86526CD6A8B3 /* Pods-flixsterTests.debug.xcconfig */;
			buildSettings = {
				ALWAYS_EMBED_SWIFT_STANDARD_LIBRARIES = YES;
				BUNDLE_LOADER = "$(TEST_HOST)";
				CODE_SIGN_STYLE = Automatic;
				DEVELOPMENT_TEAM = 49CW93J3L7;
				INFOPLIST_FILE = flixsterTests/Info.plist;
				LD_RUNPATH_SEARCH_PATHS = (
					"$(inherited)",
					"@executable_path/Frameworks",
					"@loader_path/Frameworks",
				);
				PRODUCT_BUNDLE_IDENTIFIER = com.coraxyc.flixsterTests;
				PRODUCT_NAME = "$(TARGET_NAME)";
				SWIFT_VERSION = 4.2;
				TARGETED_DEVICE_FAMILY = "1,2";
				TEST_HOST = "$(BUILT_PRODUCTS_DIR)/flixster.app/flixster";
			};
			name = Debug;
		};
		46BD60C52217AE5200E8E03B /* Release */ = {
			isa = XCBuildConfiguration;
			baseConfigurationReference = DA2D477BFE3C1CFD49BD8E07 /* Pods-flixsterTests.release.xcconfig */;
			buildSettings = {
				ALWAYS_EMBED_SWIFT_STANDARD_LIBRARIES = YES;
				BUNDLE_LOADER = "$(TEST_HOST)";
				CODE_SIGN_STYLE = Automatic;
				DEVELOPMENT_TEAM = 49CW93J3L7;
				INFOPLIST_FILE = flixsterTests/Info.plist;
				LD_RUNPATH_SEARCH_PATHS = (
					"$(inherited)",
					"@executable_path/Frameworks",
					"@loader_path/Frameworks",
				);
				PRODUCT_BUNDLE_IDENTIFIER = com.coraxyc.flixsterTests;
				PRODUCT_NAME = "$(TARGET_NAME)";
				SWIFT_VERSION = 4.2;
				TARGETED_DEVICE_FAMILY = "1,2";
				TEST_HOST = "$(BUILT_PRODUCTS_DIR)/flixster.app/flixster";
			};
			name = Release;
		};
		46BD60C72217AE5200E8E03B /* Debug */ = {
			isa = XCBuildConfiguration;
			baseConfigurationReference = BF1BC1FC06EAC1458F1B6208 /* Pods-flixsterUITests.debug.xcconfig */;
			buildSettings = {
				ALWAYS_EMBED_SWIFT_STANDARD_LIBRARIES = YES;
				CODE_SIGN_STYLE = Automatic;
				DEVELOPMENT_TEAM = 49CW93J3L7;
				INFOPLIST_FILE = flixsterUITests/Info.plist;
				LD_RUNPATH_SEARCH_PATHS = (
					"$(inherited)",
					"@executable_path/Frameworks",
					"@loader_path/Frameworks",
				);
				PRODUCT_BUNDLE_IDENTIFIER = com.coraxyc.flixsterUITests;
				PRODUCT_NAME = "$(TARGET_NAME)";
				SWIFT_VERSION = 4.2;
				TARGETED_DEVICE_FAMILY = "1,2";
				TEST_TARGET_NAME = flixster;
			};
			name = Debug;
		};
		46BD60C82217AE5200E8E03B /* Release */ = {
			isa = XCBuildConfiguration;
			baseConfigurationReference = 7B771FD8F29DE372A86AB386 /* Pods-flixsterUITests.release.xcconfig */;
			buildSettings = {
				ALWAYS_EMBED_SWIFT_STANDARD_LIBRARIES = YES;
				CODE_SIGN_STYLE = Automatic;
				DEVELOPMENT_TEAM = 49CW93J3L7;
				INFOPLIST_FILE = flixsterUITests/Info.plist;
				LD_RUNPATH_SEARCH_PATHS = (
					"$(inherited)",
					"@executable_path/Frameworks",
					"@loader_path/Frameworks",
				);
				PRODUCT_BUNDLE_IDENTIFIER = com.coraxyc.flixsterUITests;
				PRODUCT_NAME = "$(TARGET_NAME)";
				SWIFT_VERSION = 4.2;
				TARGETED_DEVICE_FAMILY = "1,2";
				TEST_TARGET_NAME = flixster;
			};
			name = Release;
		};
/* End XCBuildConfiguration section */

/* Begin XCConfigurationList section */
		46BD60932217AE5100E8E03B /* Build configuration list for PBXProject "flixster" */ = {
			isa = XCConfigurationList;
			buildConfigurations = (
				46BD60BE2217AE5200E8E03B /* Debug */,
				46BD60BF2217AE5200E8E03B /* Release */,
			);
			defaultConfigurationIsVisible = 0;
			defaultConfigurationName = Release;
		};
		46BD60C02217AE5200E8E03B /* Build configuration list for PBXNativeTarget "flixster" */ = {
			isa = XCConfigurationList;
			buildConfigurations = (
				46BD60C12217AE5200E8E03B /* Debug */,
				46BD60C22217AE5200E8E03B /* Release */,
			);
			defaultConfigurationIsVisible = 0;
			defaultConfigurationName = Release;
		};
		46BD60C32217AE5200E8E03B /* Build configuration list for PBXNativeTarget "flixsterTests" */ = {
			isa = XCConfigurationList;
			buildConfigurations = (
				46BD60C42217AE5200E8E03B /* Debug */,
				46BD60C52217AE5200E8E03B /* Release */,
			);
			defaultConfigurationIsVisible = 0;
			defaultConfigurationName = Release;
		};
		46BD60C62217AE5200E8E03B /* Build configuration list for PBXNativeTarget "flixsterUITests" */ = {
			isa = XCConfigurationList;
			buildConfigurations = (
				46BD60C72217AE5200E8E03B /* Debug */,
				46BD60C82217AE5200E8E03B /* Release */,
			);
			defaultConfigurationIsVisible = 0;
			defaultConfigurationName = Release;
		};
/* End XCConfigurationList section */
	};
	rootObject = 46BD60902217AE5100E8E03B /* Project object */;
}
